
Microsoft Visual Studio Solution File, Format Version 12.00
# Visual Studio Version 16
VisualStudioVersion = 16.0.32802.440
MinimumVisualStudioVersion = 10.0.40219.1
Project("{9A19103F-16F7-4668-BE54-9A1E7A4F7556}") = "Business", "Business\Business.csproj", "{F102275D-6AB4-46E9-BEEA-0234573696DD}"
EndProject
Project("{9A19103F-16F7-4668-BE54-9A1E7A4F7556}") = "DataAccess", "DataAccess\DataAccess.csproj", "{D01398BA-58A1-43CC-870F-CFFA55C975DF}"
EndProject
Project("{9A19103F-16F7-4668-BE54-9A1E7A4F7556}") = "Entities", "Entities\Entities.csproj", "{C541E281-6A55-47BB-B89B-736AFA2B4242}"
EndProject
Project("{9A19103F-16F7-4668-BE54-9A1E7A4F7556}") = "ConsoleUI", "ConsoleUI\ConsoleUI.csproj", "{9C64DCEE-58F8-4D77-9403-B805CEE97AFD}"
EndProject
Global
	GlobalSection(SolutionConfigurationPlatforms) = preSolution
		Debug|Any CPU = Debug|Any CPU
		Release|Any CPU = Release|Any CPU
	EndGlobalSection
	GlobalSection(ProjectConfigurationPlatforms) = postSolution
		{F102275D-6AB4-46E9-BEEA-0234573696DD}.Debug|Any CPU.ActiveCfg = Debug|Any CPU
		{F102275D-6AB4-46E9-BEEA-0234573696DD}.Debug|Any CPU.Build.0 = Debug|Any CPU
		{F102275D-6AB4-46E9-BEEA-0234573696DD}.Release|Any CPU.ActiveCfg = Release|Any CPU
		{F102275D-6AB4-46E9-BEEA-0234573696DD}.Release|Any CPU.Build.0 = Release|Any CPU
		{D01398BA-58A1-43CC-870F-CFFA55C975DF}.Debug|Any CPU.ActiveCfg = Debug|Any CPU
		{D01398BA-58A1-43CC-870F-CFFA55C975DF}.Debug|Any CPU.Build.0 = Debug|Any CPU
		{D01398BA-58A1-43CC-870F-CFFA55C975DF}.Release|Any CPU.ActiveCfg = Release|Any CPU
		{D01398BA-58A1-43CC-870F-CFFA55C975DF}.Release|Any CPU.Build.0 = Release|Any CPU
		{C541E281-6A55-47BB-B89B-736AFA2B4242}.Debug|Any CPU.ActiveCfg = Debug|Any CPU
		{C541E281-6A55-47BB-B89B-736AFA2B4242}.Debug|Any CPU.Build.0 = Debug|Any CPU
		{C541E281-6A55-47BB-B89B-736AFA2B4242}.Release|Any CPU.ActiveCfg = Release|Any CPU
		{C541E281-6A55-47BB-B89B-736AFA2B4242}.Release|Any CPU.Build.0 = Release|Any CPU
		{9C64DCEE-58F8-4D77-9403-B805CEE97AFD}.Debug|Any CPU.ActiveCfg = Debug|Any CPU
		{9C64DCEE-58F8-4D77-9403-B805CEE97AFD}.Debug|Any CPU.Build.0 = Debug|Any CPU
		{9C64DCEE-58F8-4D77-9403-B805CEE97AFD}.Release|Any CPU.ActiveCfg = Release|Any CPU
		{9C64DCEE-58F8-4D77-9403-B805CEE97AFD}.Release|Any CPU.Build.0 = Release|Any CPU
	EndGlobalSection
	GlobalSection(SolutionProperties) = preSolution
		HideSolutionNode = FALSE
	EndGlobalSection
	GlobalSection(ExtensibilityGlobals) = postSolution
		SolutionGuid = {57C18895-A722-4B4C-9C93-483B9FC0B64F}
	EndGlobalSection
EndGlobal
